dependencies:
- name: postgresql
  repository: https://charts.bitnami.com/bitnami
  version: 12.12.10
- name: nats
  repository: https://nats-io.github.io/k8s/helm/charts/
  version: 1.2.4
digest: sha256:e42d82433999ac30f9a584e9261151d9ae6c3ee4e3f9c97cdc92e5d9ab2ab3d5
generated: "2026-02-04T19:32:22.2332-08:00"
