dependencies:
- name: postgresql
  repository: https://charts.bitnami.com/bitnami
  version: 15.5.38
- name: nats
  repository: https://nats-io.github.io/k8s/helm/charts/
  version: 1.2.4
digest: sha256:d934bc7648eb29712d31f36a86c18b8a5be43d8a55f6e175d167c903d4610c47
generated: "2026-02-01T20:52:33.9251846-08:00"
